{
  "version": "4",
  "specifiers": {
    "jsr:@supabase/functions-js@*": "2.4.3"
  },
  "jsr": {
    "@supabase/functions-js@2.4.3": {
      "integrity": "010834c9e7d2996b4be8e4004a15ed8f42b326490e4b354683f9c191353b76cc"
    }
  },
  "redirects": {
    "https://esm.sh/@supabase/supabase-js": "https://esm.sh/@supabase/supabase-js@2.45.6",
    "https://esm.sh/langchain/text_splitter": "https://esm.sh/langchain@0.3.3/text_splitter"
  },
  "remote": {
    "https://deno.land/std@0.114.0/_util/assert.ts": "2f868145a042a11d5ad0a3c748dcf580add8a0dbc0e876eaa0026303a5488f58",
    "https://deno.land/std@0.114.0/_util/os.ts": "dfb186cc4e968c770ab6cc3288bd65f4871be03b93beecae57d657232ecffcac",
    "https://deno.land/std@0.114.0/fs/_util.ts": "f2ce811350236ea8c28450ed822a5f42a0892316515b1cd61321dec13569c56b",
    "https://deno.land/std@0.114.0/fs/copy.ts": "631bbafbfe6cba282158abc8aeb7e8251cc69a7ec28ce12878ea1b75fec2add4",
    "https://deno.land/std@0.114.0/fs/empty_dir.ts": "5f08b263dd064dc7917c4bbeb13de0f5505a664b9cdfe312fa86e7518cfaeb84",
    "https://deno.land/std@0.114.0/fs/ensure_dir.ts": "b7c103dc41a3d1dbbb522bf183c519c37065fdc234831a4a0f7d671b1ed5fea7",
    "https://deno.land/std@0.114.0/fs/ensure_file.ts": "c06031af24368e80c330897e4b8e9109efc8602ffabc8f3e2306be07529e1d13",
    "https://deno.land/std@0.114.0/fs/ensure_link.ts": "26e54363508b822afd87a3f6e873bbbcd6b5993dd638f8170758c16262a75065",
    "https://deno.land/std@0.114.0/fs/ensure_symlink.ts": "c07b6d19ef58b6f5c671ffa942e7f9be50315f4f78e2f9f511626fd2e13beccc",
    "https://deno.land/std@0.114.0/fs/eol.ts": "afaebaaac36f48c423b920c836551997715672b80a0fee9aa7667c181a94f2df",
    "https://deno.land/std@0.114.0/fs/exists.ts": "c3c3335a212bd945bb75df379096ab57fb6c86598fa273dfb24da3b3939a951e",
    "https://deno.land/std@0.114.0/fs/expand_glob.ts": "f6f64ef54addcc84c9012d6dfcf66d39ecc2565e40c4d2b7644d585fe4d12a04",
    "https://deno.land/std@0.114.0/fs/mod.ts": "26eee4b52a8c516e37d464094b080ff6822883e7f01ff0ba0a72b8dcd54b9927",
    "https://deno.land/std@0.114.0/fs/move.ts": "4623058e39bbbeb3ad30aeff9c974c55d2d574ad7c480295c12b04c244686a99",
    "https://deno.land/std@0.114.0/fs/walk.ts": "f633829f967d2979ab285dbfb09eb0d7d000fd175b95156b63fcede435d1a807",
    "https://deno.land/std@0.114.0/path/_constants.ts": "1247fee4a79b70c89f23499691ef169b41b6ccf01887a0abd131009c5581b853",
    "https://deno.land/std@0.114.0/path/_interface.ts": "1fa73b02aaa24867e481a48492b44f2598cd9dfa513c7b34001437007d3642e4",
    "https://deno.land/std@0.114.0/path/_util.ts": "2e06a3b9e79beaf62687196bd4b60a4c391d862cfa007a20fc3a39f778ba073b",
    "https://deno.land/std@0.114.0/path/common.ts": "f41a38a0719a1e85aa11c6ba3bea5e37c15dd009d705bd8873f94c833568cbc4",
    "https://deno.land/std@0.114.0/path/glob.ts": "ea87985765b977cc284b92771003b2070c440e0807c90e1eb0ff3e095911a820",
    "https://deno.land/std@0.114.0/path/mod.ts": "4465dc494f271b02569edbb4a18d727063b5dbd6ed84283ff906260970a15d12",
    "https://deno.land/std@0.114.0/path/posix.ts": "34349174b9cd121625a2810837a82dd8b986bbaaad5ade690d1de75bbb4555b2",
    "https://deno.land/std@0.114.0/path/separator.ts": "8fdcf289b1b76fd726a508f57d3370ca029ae6976fcde5044007f062e643ff1c",
    "https://deno.land/std@0.114.0/path/win32.ts": "11549e8c6df8307a8efcfa47ad7b2a75da743eac7d4c89c9723a944661c8bd2e",
    "https://deno.land/x/dotenv@v3.2.0/load.ts": "cbd76a0aee01aad8d09222afaa1dd04b84d9d3e44637503b01bf77a91df9e041",
    "https://deno.land/x/dotenv@v3.2.0/mod.ts": "077b48773de9205266a0b44c3c3a3c3083449ed64bb0b6cc461b95720678d38e",
    "https://deno.land/x/dotenv@v3.2.0/util.ts": "693730877b13f8ead2b79b2aa31e2a0652862f7dc0c5f6d2f313f4d39c7b7670",
    "https://esm.sh/@langchain/community@0.0.26/vectorstores/supabase": "1483ade5580e92f7884180547864d9f4871ad0f0d7e820c12a9b1e09924e2cbf",
    "https://esm.sh/@langchain/openai@0.0.2": "177677b6b68df565dcf4abd8df621a25758b65e93e178209e6336ae215458a07",
    "https://esm.sh/@supabase/supabase-js@2.39.3": "488ce839152155af91fef4add3749d50c4a7a1ba8a762a3e4c4e78a04f97f59a",
    "https://esm.sh/@supabase/supabase-js@2.45.6": "18117bed5fcb3ab4ca9c24b3fa93a34ecfa9c068db2c4285af782a8c02eb61b1",
    "https://esm.sh/langchain@0.3.3/text_splitter": "3dbc92ba967c42933ece020936e40a9b4d6fdca69fdb2de70e9b2e51400933eb",
    "https://esm.sh/v135/@langchain/community@0.0.26/denonext/vectorstores/supabase.js": "5b89c8ee52a31c99a059fbb0c25cc1e445a97d0f9beb7ad4ad2e9a1fde86885b",
    "https://esm.sh/v135/@langchain/core@0.0.11/denonext/embeddings.js": "7ad61caad9d52f59e15789fb081a049a797b44370b7f11574d606fd3e9ee87c3",
    "https://esm.sh/v135/@langchain/core@0.0.11/denonext/language_models/base.js": "d1eeb206b8f38773326a5538949242740590a1a15ce81bdc668fec6af8ef20af",
    "https://esm.sh/v135/@langchain/core@0.0.11/denonext/language_models/chat_models.js": "899268b5b41411234aa4ec446c0e323afb198257ee76c2c90c2e839962266264",
    "https://esm.sh/v135/@langchain/core@0.0.11/denonext/language_models/llms.js": "98aac58121a67f9a10898b843a334aeb30f25670de598a48d67333d38591013e",
    "https://esm.sh/v135/@langchain/core@0.0.11/denonext/messages.js": "ff4bc260c8493060cbbdd98cdfc3f129924b2172041305cbefe2ab78ef5ea5e0",
    "https://esm.sh/v135/@langchain/core@0.0.11/denonext/outputs.js": "b2134c506a54e3e85aaa1e3552c8473ee2c0ac84aedd4f3d73284ae130f136a3",
    "https://esm.sh/v135/@langchain/core@0.0.11/denonext/utils/env.js": "ff3d400cd3ee93ea5e37ac937ea2810711f118a9d7ec432dcecf8fd8eb6a9092",
    "https://esm.sh/v135/@langchain/core@0.1.63/denonext/documents.js": "e0fc40a388e8a84383f7ca5b5fb3cdaf9bb5c58491e6f624ce766e9c96f6c98d",
    "https://esm.sh/v135/@langchain/core@0.1.63/denonext/utils/math.js": "15e6ef6ed974d357e6a18e33cee5132f1c418e44cde8a39c4f322d62d0d19fc2",
    "https://esm.sh/v135/@langchain/core@0.1.63/denonext/vectorstores.js": "c9d3bad1ebdb954e9c7fa71ae2620d701f905a979319851d68d69a1d2ac82f3b",
    "https://esm.sh/v135/@langchain/core@0.2.32/denonext/documents.js": "ddde0227789d53efeb51f1a01d8a7ab99a741122bd40f579bba8e854336208da",
    "https://esm.sh/v135/@langchain/core@0.2.32/denonext/utils/tiktoken.js": "408c6398b752f16c40c834ac340fed9a3388c486bffe540bd921939068375ab1",
    "https://esm.sh/v135/@langchain/openai@0.0.2/denonext/openai.mjs": "d169687b514b1b7874994b7c404adec78ae2dc735815d8e235d099289ea257eb",
    "https://esm.sh/v135/@langchain/textsplitters@0.1.0/denonext/textsplitters.mjs": "bd1543c41a9e7b229daa82ea327db7e00885214dc77aebf9d166b433ced48141",
    "https://esm.sh/v135/@supabase/auth-js@2.65.1/denonext/auth-js.mjs": "b7135e85481aa3ba832baf45405198e1409629b41d1de593ed2abe1ccd37b1a6",
    "https://esm.sh/v135/@supabase/functions-js@2.1.5/denonext/functions-js.mjs": "739affd2df20c1affd91991c3731c2537d270b82be5cdbd926c43be40eb2fdc5",
    "https://esm.sh/v135/@supabase/functions-js@2.3.1/denonext/functions-js.mjs": "c10a0bbd935fc12cae58918b8e23cb339d54c443983caeb597dd8cd76a76f940",
    "https://esm.sh/v135/@supabase/functions-js@2.4.3/denonext/functions-js.mjs": "98b9108627bcbb255f1e1d2f8fdc321ca2596a476b76cb8f9109862f1b50ca8c",
    "https://esm.sh/v135/@supabase/gotrue-js@2.62.0/denonext/gotrue-js.mjs": "5de954b3e937e182013279ad6d2523650c55eca57a255be08cbb359f477bbd24",
    "https://esm.sh/v135/@supabase/gotrue-js@2.62.2/denonext/gotrue-js.mjs": "326e26884bb2e359f192078b8c602a2e0acdc754767a274fe1df844319a8d319",
    "https://esm.sh/v135/@supabase/node-fetch@2.6.14/denonext/node-fetch.mjs": "23a71af3512da67a8757ab1e2356fa22565758444ea1fc08e0de0e8d4625e8aa",
    "https://esm.sh/v135/@supabase/node-fetch@2.6.15/denonext/node-fetch.mjs": "efad00ea3d4cbe1bee688836ef75339d49a1981bc5728a13e9ad5f26791d5efb",
    "https://esm.sh/v135/@supabase/postgrest-js@1.15.2/denonext/postgrest-js.mjs": "1d36cf3106c6dd6ce21473b57d88478802ceef6d22e67af1f92c508607302e50",
    "https://esm.sh/v135/@supabase/postgrest-js@1.16.3/denonext/postgrest-js.mjs": "1f0cc477f069386bce1b8c5d6a2357ffd1442299f6423381b2aa2c4652f4af10",
    "https://esm.sh/v135/@supabase/postgrest-js@1.9.1/denonext/postgrest-js.mjs": "a8ce9faf0988906ea03b3e8327b73ffe7ba31ca8155eb0efb8a3a0ef95572284",
    "https://esm.sh/v135/@supabase/realtime-js@2.10.7/denonext/realtime-js.mjs": "83480b9b485872eebdbd5cfaf36b87fc943021ccb15f72b55e3548c9c72d9a0e",
    "https://esm.sh/v135/@supabase/realtime-js@2.9.3/denonext/realtime-js.mjs": "22f025f3a7f744aad39f538fdac296095eb8ec33974c24dc7168571493c707ec",
    "https://esm.sh/v135/@supabase/realtime-js@2.9.4/denonext/realtime-js.mjs": "5a4443e535c1ef8c469c281442a976f47735b3ee378c9e6d8b9a379c56b2f852",
    "https://esm.sh/v135/@supabase/storage-js@2.5.5/denonext/storage-js.mjs": "66e29e4e55c7d396503e2d1d9376cfbc34f046b962bce4524c2d80b209fff413",
    "https://esm.sh/v135/@supabase/storage-js@2.7.1/denonext/storage-js.mjs": "5ddd96a2213608015badb0778b4a446f641c843e017264978ab1e10f83b3cb21",
    "https://esm.sh/v135/@supabase/supabase-js@2.39.3/denonext/supabase-js.mjs": "589d6db1f92917dc9691f6c477d8817dd5eb914ad7cada6515f0d8992de4ebc0",
    "https://esm.sh/v135/@supabase/supabase-js@2.45.6/denonext/supabase-js.mjs": "c5af6bd5a29763a5a9db3b4a22085911218a221acc62d9f6d23d2b77a53e6bcc",
    "https://esm.sh/v135/ansi-styles@5.2.0/denonext/ansi-styles.mjs": "8a10e68165432fcfd0929bdeb4e33a194af8b790702f60b2ea0477749990964c",
    "https://esm.sh/v135/base64-js@1.5.1/denonext/base64-js.mjs": "37ce4431d0b110375d0cafee5cb015592b09352595aca9393e5ecf417f71fae2",
    "https://esm.sh/v135/binary-search@1.3.6/denonext/binary-search.mjs": "e53e6e937aa01c06a13753beb7b630bb8e62a5f956119e84ad37f42fcfcdcc6e",
    "https://esm.sh/v135/bufferutil@4.0.8/denonext/bufferutil.mjs": "60a4618cbd1a5cb24935c55590b793d4ecb33862357d32e1d4614a0bbb90947f",
    "https://esm.sh/v135/camelcase@6.3.0/denonext/camelcase.mjs": "ac0c366a0afa66cdf9eab2f6e188e0d86fce8d59d410e9642b216c1548b1c35f",
    "https://esm.sh/v135/decamelize@1.2.0/denonext/decamelize.mjs": "504737df810416c264e5b908664fcce90aa57500ef725b262a8bea0ccb7f8e14",
    "https://esm.sh/v135/eventemitter3@4.0.7/denonext/eventemitter3.mjs": "6f8a6195e1a9effb73bb163c577400d608dec7c4e0bd839045fd9ea4db66e9fe",
    "https://esm.sh/v135/is-any-array@2.0.1/denonext/is-any-array.mjs": "509f3d90c445bfe4bb210b864a75372045e7526c0288d519ff050d8cadb2342d",
    "https://esm.sh/v135/js-tiktoken@1.0.14/denonext/lite.js": "f33bdb375f5c4c6dbf58b25972b89b63446fe99906d61b6a4c307455cc5b578b",
    "https://esm.sh/v135/js-tiktoken@1.0.8/denonext/lite.js": "6541af7ca6e91ab44cc18ff988a88762079dfe4c814c7cfc654423041b7b77ca",
    "https://esm.sh/v135/langchain@0.3.3/denonext/text_splitter.js": "3cb2eb6dcdd6e07d6b31de0927d526b29096ae57858a72689e61e139e33db449",
    "https://esm.sh/v135/langsmith@0.0.48/denonext/langsmith.mjs": "ccadadfe422f1b757518d7e36591f3c81c6a0206ca98f66c8cf52636ca01205e",
    "https://esm.sh/v135/langsmith@0.1.24/denonext/langsmith.mjs": "5d57bb5cf88ba0d4dd124602eeac6f7d0737258589a9a56a446814585c2f140b",
    "https://esm.sh/v135/langsmith@0.1.53/denonext/langsmith.mjs": "964ef34e6e944c2042fa5af04707b51cf8d11832132db0eeb78c2605883ed386",
    "https://esm.sh/v135/langsmith@0.1.53/denonext/run_trees.js": "7b00401f6dc27d10f02e228b6458bc1392d0cee62c9cc65a1d843963ea7d012c",
    "https://esm.sh/v135/langsmith@0.1.53/denonext/singletons/traceable.js": "ea010634e2af33f6128ce2b8001c5e52b612953a91bb60c6d6c8060551e0f46a",
    "https://esm.sh/v135/ml-array-mean@1.1.6/denonext/ml-array-mean.mjs": "38465088d57a030d9975dc907dce26dc22e2d50963e0fb51a35cd756ccba0fb5",
    "https://esm.sh/v135/ml-array-sum@1.1.6/denonext/ml-array-sum.mjs": "c7aa9f5143a7a59a90ac512df001bbce064ef34e19d4d57f60cd09a68c01987b",
    "https://esm.sh/v135/ml-distance-euclidean@2.0.0/denonext/ml-distance-euclidean.mjs": "769a32c9731ae5b643ffcc5b8dc5c11d9db3d73ade8c19a53ee7f052e039398a",
    "https://esm.sh/v135/ml-distance@4.0.1/denonext/ml-distance.mjs": "924c40fcb52380524ad6e8edad42e32888c977e94d2dfac50c53168d95def4a7",
    "https://esm.sh/v135/ml-tree-similarity@1.0.0/denonext/ml-tree-similarity.mjs": "a3ef2e85f384bc3d9cd929779a82f2b1d1fae949edc44e3d8071374c1689d563",
    "https://esm.sh/v135/node-gyp-build@4.6.1/denonext/node-gyp-build.mjs": "5d28b312f145a6cb2ec0dbdd80a7d34c0e0e6b5dcada65411d8bcff6c8991cc6",
    "https://esm.sh/v135/node-gyp-build@4.8.1/denonext/node-gyp-build.mjs": "cddfc39c5f2d6e228fb1cd8cc36a594d870470b01348f866a7fb4e6f3ed8c66d",
    "https://esm.sh/v135/num-sort@2.1.0/denonext/num-sort.mjs": "d3d7f81c74f58f280fc651a336667af99f4f296f097ff42a4f56540ea118e4f3",
    "https://esm.sh/v135/openai@4.20.1/denonext/_shims.js": "f2f3341c577c3a88d73b00cf6d1e5a59c439d3c580ddb0d752192f214ccbbc07",
    "https://esm.sh/v135/openai@4.20.1/denonext/_shims/MultipartBody.js": "0b1037324931c554eb27da54db4255dacfded4fed7edc6e36406e05ef3f551e0",
    "https://esm.sh/v135/openai@4.20.1/denonext/_shims/auto/runtime.js": "2c40da0b0daca1925236899392e10309fa0994f407322a7c643104b141067fde",
    "https://esm.sh/v135/openai@4.20.1/denonext/_shims/registry.js": "b4a36f0587b752a2d2606c45731f5d7c4561deb9e7a756916b8bd46aef3ad6c0",
    "https://esm.sh/v135/openai@4.20.1/denonext/_shims/web-runtime.js": "79d144248ec20d23e854ba570f4bfb1906e99f371df6db96b35c7da8fa5ff25c",
    "https://esm.sh/v135/openai@4.20.1/denonext/core.js": "857b463a93097138044f903867e14f5a2db413e38c19ca2aba3314822a1de43c",
    "https://esm.sh/v135/openai@4.20.1/denonext/error.js": "33349d34914aedca5955eef3be8b7d9dfe197f1bf6314de130f95809137e8c96",
    "https://esm.sh/v135/openai@4.20.1/denonext/lib/AbstractChatCompletionRunner.js": "2da86d67ed6cb7b0475afd085c911f1ba6d33cb351949858652e6db2e17409cd",
    "https://esm.sh/v135/openai@4.20.1/denonext/lib/ChatCompletionRunner.js": "78163c4d4d8d1a03a607d94dd6c7403a4a1b6be0cf971fdeeb21c563d0fb86d0",
    "https://esm.sh/v135/openai@4.20.1/denonext/lib/ChatCompletionStream.js": "4e1551eca469322ac1ae7b5da10ae861dd2b876ff2e064c8e0c76f7b21fa389a",
    "https://esm.sh/v135/openai@4.20.1/denonext/lib/ChatCompletionStreamingRunner.js": "ec78476dc6685f6008f4c3ace619ac9dece603adbcdd64f9ef3fc69729079868",
    "https://esm.sh/v135/openai@4.20.1/denonext/lib/RunnableFunction.js": "de2c962e3d5e875916258ef51f1f39ac1438f80f240c65b307981ab3d3fa831b",
    "https://esm.sh/v135/openai@4.20.1/denonext/lib/chatCompletionUtils.js": "5c7c88e4c166e1eed354a03aa0d0410028bc2b3523155f0f0981c670b63be5a7",
    "https://esm.sh/v135/openai@4.20.1/denonext/openai.mjs": "733dc76ede624c9e84182a09390507ad1adaac6b0d53a9c257d7609226e3a0c5",
    "https://esm.sh/v135/openai@4.20.1/denonext/pagination.js": "9966fb2700599cb018a1805e8858c9f56f09cac1bffe055a6d17b3e8c41579e0",
    "https://esm.sh/v135/openai@4.20.1/denonext/resource.js": "bf5867734210ffeb8a7ae475d15725df082d14b64705bd1b0b1e396f8f0069ff",
    "https://esm.sh/v135/openai@4.20.1/denonext/resources.js": "182faa8b7edc5df67ebb015076c3bc2b9c25b443030253f26e7e0316533216c8",
    "https://esm.sh/v135/openai@4.20.1/denonext/resources/audio/audio.js": "d05f722547178592c31dc800394c0605f0940032b347c02e2322dfaf4fadb282",
    "https://esm.sh/v135/openai@4.20.1/denonext/resources/audio/speech.js": "228f9c757668f2f56cf5b1bafdddddde65162b65875b13b7537ca5b7d69ee1df",
    "https://esm.sh/v135/openai@4.20.1/denonext/resources/audio/transcriptions.js": "8379dc488e24ec320081e0a007427aff95f79b5cc5102d6354351c54ea51b81b",
    "https://esm.sh/v135/openai@4.20.1/denonext/resources/audio/translations.js": "b660a114d24cb33ccf2874d907b540b496305a42a73dd01e20d45a57acf441e0",
    "https://esm.sh/v135/openai@4.20.1/denonext/resources/beta/assistants/assistants.js": "e711fe4c99631b91ef351e576504fbc64897a1a6eed49a71ad6362d3e4ce1fcf",
    "https://esm.sh/v135/openai@4.20.1/denonext/resources/beta/assistants/files.js": "14ee642775afa9db9f3e34d57b6e24215f38445ba71785a6740aa176e397adb0",
    "https://esm.sh/v135/openai@4.20.1/denonext/resources/beta/beta.js": "eab798c9b2d93d8c62d14e034387bd4911ae9c2ff7b7ff267b7fe748fbb02890",
    "https://esm.sh/v135/openai@4.20.1/denonext/resources/beta/chat/chat.js": "70b3afaa2b919155c9e824f92b5e37b8590b1b864dec6b5747dc06ff0086bb12",
    "https://esm.sh/v135/openai@4.20.1/denonext/resources/beta/chat/completions.js": "83e8ecbc4547010bc855f4ecd995c98c36a17a0f77765ced939e24c66b76154d",
    "https://esm.sh/v135/openai@4.20.1/denonext/resources/beta/threads/messages/files.js": "829e967c21f9306f3bde146311fdc4fa54b9f9b4827d4af69ed93f9f18c6bc58",
    "https://esm.sh/v135/openai@4.20.1/denonext/resources/beta/threads/messages/messages.js": "2f01c797f174d776f7d3ba157093587a946a4aa21f20ee299e7e911c950c4e28",
    "https://esm.sh/v135/openai@4.20.1/denonext/resources/beta/threads/runs/runs.js": "c0af5fe09af521fa56f03a5d2a9cca69debf2b6435cc86818c4e382596d2b96d",
    "https://esm.sh/v135/openai@4.20.1/denonext/resources/beta/threads/runs/steps.js": "b73c310cd4788a66b63481426cda1b9a0e153b36dad2cc243b5ebfe79287f28e",
    "https://esm.sh/v135/openai@4.20.1/denonext/resources/beta/threads/threads.js": "8e4530587a3b01d4c35fcc407bdcde4b0a2dac5a25d3e53f62440690cfd9d53e",
    "https://esm.sh/v135/openai@4.20.1/denonext/resources/chat.js": "839e8ea0d6a542e6a41ee7d0047770c8b4507187b21dc985fbb266f8116bd701",
    "https://esm.sh/v135/openai@4.20.1/denonext/resources/chat/chat.js": "66ee2b894e6a872a9a98d73302a0f09f731aab82557bdba47a161af411427cf6",
    "https://esm.sh/v135/openai@4.20.1/denonext/resources/chat/completions.js": "cdedce3a8f9093b913f0dd471b9c8a652abcd256b6192d169c34ed0ec636e460",
    "https://esm.sh/v135/openai@4.20.1/denonext/resources/completions.js": "212c611843a8bdd0879ce57293f5f65ddbbe79ff21acb85c7be66c4d1452e341",
    "https://esm.sh/v135/openai@4.20.1/denonext/resources/edits.js": "04e6e85a6ec44defb4e88d18931c621c784f29aa436344145db9affc37a3a237",
    "https://esm.sh/v135/openai@4.20.1/denonext/resources/embeddings.js": "9d91166225798f45851b4e29752eaad4d30e236db53137f1f2c4e3f5caae0b75",
    "https://esm.sh/v135/openai@4.20.1/denonext/resources/files.js": "63e1779e2c42da8783fac00e3a5104000768f11f35b6c3849ca241c483eb13ed",
    "https://esm.sh/v135/openai@4.20.1/denonext/resources/fine-tunes.js": "4b0fe55507b96dc9afacfe62a94d7b4cf010ab8e5dd72d00fb3adcd406691f0a",
    "https://esm.sh/v135/openai@4.20.1/denonext/resources/fine-tuning/fine-tuning.js": "b4c5067b6e021de45c6fcf1d19b83fe2fcb946c3ef21151de0622e36140bf527",
    "https://esm.sh/v135/openai@4.20.1/denonext/resources/fine-tuning/jobs.js": "2cc035e71c147603bc3f4c136a9d0e9eb31f916e986423e75af8cc39c41da717",
    "https://esm.sh/v135/openai@4.20.1/denonext/resources/images.js": "465326e07549e89fe6e1444c9949bf4613aa96859b3f92993aee3d683c95924c",
    "https://esm.sh/v135/openai@4.20.1/denonext/resources/models.js": "78248d29cb921c2132eb3cd849695bb010667014e0c2231834c92c0518245acd",
    "https://esm.sh/v135/openai@4.20.1/denonext/resources/moderations.js": "586e24f8f49a98b89af827d1c803b38f69f7f0ee6a98b0974bc903e722327d47",
    "https://esm.sh/v135/openai@4.20.1/denonext/resources/shared.js": "653a198ca3532d886454db1902af3c0de28d268c05a0d247bf380de91a09aa98",
    "https://esm.sh/v135/openai@4.20.1/denonext/streaming.js": "307af0564e492848123900669ffb20c4c42f376466ad8bbafa25db77d95d9988",
    "https://esm.sh/v135/openai@4.20.1/denonext/uploads.js": "1a4c1cacda2e034e0411ac1ea2c408aee3a6644168e6fb827c005475fc1ede5f",
    "https://esm.sh/v135/openai@4.20.1/denonext/version.js": "48b3130e0c503ef35db3219b56fb531cd8c3275b825a5ac5815a64ef460efb80",
    "https://esm.sh/v135/openai@4.68.4/denonext/_shims.js": "db54fa04462b02ef59d7e12f18b502c08d3d52791ef93f9f9cdf35356c02a4b8",
    "https://esm.sh/v135/openai@4.68.4/denonext/_shims/MultipartBody.js": "074e1c6f9865a796eb8959817e09b99b848de6f07bd58063ba7010558abb2dab",
    "https://esm.sh/v135/openai@4.68.4/denonext/_shims/auto/runtime.js": "9bbfd5038b5c1225d864f8b072f95d0dd9d3be3e940e6f92a36fba9971995052",
    "https://esm.sh/v135/openai@4.68.4/denonext/_shims/registry.js": "7ebe409f7f266b02bdb8622ead6b3861caac062bf67883fe74fa27c886c55d17",
    "https://esm.sh/v135/openai@4.68.4/denonext/_shims/web-runtime.js": "f845f7356c50bf12d062293fc4a5e54221dc81b688376e46fb795e46b3cfdce9",
    "https://esm.sh/v135/openai@4.68.4/denonext/_vendor/partial-json-parser/parser.js": "a9e793f398bff1b66a06b00cc4955afb8897cf913f3e46d859b7b6d3907b9f9e",
    "https://esm.sh/v135/openai@4.68.4/denonext/core.js": "ec2551ee40b3a5e042a0acc33dc21ec33a55cca0be9c26cb1fc6b343131a0998",
    "https://esm.sh/v135/openai@4.68.4/denonext/error.js": "32b1cc84586df4c7174c3a2f729c479e1370caa65ba2946a6eb25a68791622e3",
    "https://esm.sh/v135/openai@4.68.4/denonext/internal/decoders/line.js": "a0e7f82d92b3ceb80af58cefb6febb9405dcdef3652ca1f2d8f53216fbe0fc09",
    "https://esm.sh/v135/openai@4.68.4/denonext/internal/qs.js": "879262501204821d7bed4faf0233c3b19d4cb9ae264fa4a232a19a68efa061bc",
    "https://esm.sh/v135/openai@4.68.4/denonext/internal/qs/formats.js": "03f9e39f78b2ab4897b9c62f098f16010be6e961ee3c6437e098c894c2fe689b",
    "https://esm.sh/v135/openai@4.68.4/denonext/internal/qs/stringify.js": "79eb7e7cbb7ffaa3c395dcf4c78e314fa157537947311bea33a693be4136fbae",
    "https://esm.sh/v135/openai@4.68.4/denonext/internal/qs/utils.js": "7e163c9a2c8869d0176262245af8da7879d53168c0c4d20ded89372921beea86",
    "https://esm.sh/v135/openai@4.68.4/denonext/lib/AbstractChatCompletionRunner.js": "10e1ba1e9beeecb1181f4d0d0098540d20faf6c27f685b63ebfca0d0d4f79578",
    "https://esm.sh/v135/openai@4.68.4/denonext/lib/AssistantStream.js": "a4e04f16ed323a91076bddbb47acb9a772480fc43a681d36a37825b861d773d9",
    "https://esm.sh/v135/openai@4.68.4/denonext/lib/ChatCompletionRunner.js": "91703185e7e17e767d8980f5336f940cef1b22e9e9c03f47843dec2600750f85",
    "https://esm.sh/v135/openai@4.68.4/denonext/lib/ChatCompletionStream.js": "f1e036922e223b473b6c3864691a14fb51e0926a9fa6c38ad945c7a20042d0b5",
    "https://esm.sh/v135/openai@4.68.4/denonext/lib/ChatCompletionStreamingRunner.js": "7177f2b8e572f6ffa698b7003f7c52f4580aac472a8dcf5cd9a01a4e9471e3d7",
    "https://esm.sh/v135/openai@4.68.4/denonext/lib/EventStream.js": "a29922d954f75cde4824de81c0838aeaefcfbae9b4700b16a1cc2da09ec1a257",
    "https://esm.sh/v135/openai@4.68.4/denonext/lib/RunnableFunction.js": "7de3952d3dd43ae430887c870ab051e1808bf7c33adce80c79dce27399f27d59",
    "https://esm.sh/v135/openai@4.68.4/denonext/lib/Util.js": "d4f633e530d6d6a73e31068344c8df9025907c962636add34cc1345217ed7dca",
    "https://esm.sh/v135/openai@4.68.4/denonext/lib/chatCompletionUtils.js": "ffbc0391030278ee31d56a368d7692ca1d1bec21b595e32bfcbd8abc2c29327c",
    "https://esm.sh/v135/openai@4.68.4/denonext/lib/parser.js": "7e67b85542e629df8bc7747ff05259da8d090b21214f568f8beedd5004288dbd",
    "https://esm.sh/v135/openai@4.68.4/denonext/openai.mjs": "92c931031161b3940fd4a12d89fa8012add06c6cdfc42628811881198630776e",
    "https://esm.sh/v135/openai@4.68.4/denonext/pagination.js": "146760fc56b15889913bc7bc83007397d2c324ca3ac69b19b35990818791b6ed",
    "https://esm.sh/v135/openai@4.68.4/denonext/resource.js": "3ec8ac46b56f3fc993d3c5fca83a8f5869fab4180c08baa00a79dcadafa066be",
    "https://esm.sh/v135/openai@4.68.4/denonext/resources.js": "e183c735b99a491084014935b9c85a164676f3ca7456b95347f34331959b8a3d",
    "https://esm.sh/v135/openai@4.68.4/denonext/resources/audio/audio.js": "71e9e6a0064c3aa607279bea958682d28fc1b5eb4836d6ca158279b27535138a",
    "https://esm.sh/v135/openai@4.68.4/denonext/resources/audio/speech.js": "78c5dae0cecca5b66c9e73838e17fb9a2cb6c7d3b07fe0fb1be2915f92b30660",
    "https://esm.sh/v135/openai@4.68.4/denonext/resources/audio/transcriptions.js": "e019553eb149c6d6b590671eae6268209a6e7e982cdf468161c4675b18bee1f9",
    "https://esm.sh/v135/openai@4.68.4/denonext/resources/audio/translations.js": "520cb8b3a182594c5aae1514333431b0420c2f63c0dcfe2ae5a65ae2e1824e8f",
    "https://esm.sh/v135/openai@4.68.4/denonext/resources/batches.js": "88016ca0cd70e729e461b020860ab6e1c9c869eb104d960efcd16bb42fe7fb8d",
    "https://esm.sh/v135/openai@4.68.4/denonext/resources/beta/assistants.js": "ab30e1e01a3c45176660e0701e874117217e7eef2293e015a410a4377484b8cb",
    "https://esm.sh/v135/openai@4.68.4/denonext/resources/beta/beta.js": "2f2dadc3c4b6f9a18fece8c57dc6687164b30f6aa1b70d926bd40e820a66d17f",
    "https://esm.sh/v135/openai@4.68.4/denonext/resources/beta/chat/chat.js": "c5178173920545051ccee4ec7d381202146dc37db27dda808d3af105bd7b9bd1",
    "https://esm.sh/v135/openai@4.68.4/denonext/resources/beta/chat/completions.js": "2e590f96e3f8bb98ddf73b174a879ae54380f7effc7b1baa4008ad35ba65dedc",
    "https://esm.sh/v135/openai@4.68.4/denonext/resources/beta/threads/messages.js": "774d9c769cd2d20f47b28a6cbd51f5788efdc32d504c9f49bfe5d14a6ca804e1",
    "https://esm.sh/v135/openai@4.68.4/denonext/resources/beta/threads/runs/runs.js": "4b6539c9499673edd83c43ee8608c4872fdf111b7efe487e081724ef5a087c2e",
    "https://esm.sh/v135/openai@4.68.4/denonext/resources/beta/threads/runs/steps.js": "2f7851732fdb6e710dc5db3e3075f816c808b5f716631d163519491b4a4dbb33",
    "https://esm.sh/v135/openai@4.68.4/denonext/resources/beta/threads/threads.js": "f5c94e7feac411a7764afa0b9a1c610d7fb8b6e347962ab5968c84fd82f20b91",
    "https://esm.sh/v135/openai@4.68.4/denonext/resources/beta/vector-stores/file-batches.js": "092c4542c5b9e5e5316d84e72a98c740ad4877959edc4d42402f79e29739a8a8",
    "https://esm.sh/v135/openai@4.68.4/denonext/resources/beta/vector-stores/files.js": "eab9d9c14e9e112bd70eda4717c384877401d80504f59c395f2d64fbcdebb62e",
    "https://esm.sh/v135/openai@4.68.4/denonext/resources/beta/vector-stores/vector-stores.js": "0ecfaa43e588787b0c06c36ed00b5d7640e8fc37b8ecda1dc12da16ef466e8ff",
    "https://esm.sh/v135/openai@4.68.4/denonext/resources/chat.js": "0f5d86dc67d10a903a26ac8226eeac5421e8bfbf385d36cb484be30a72c32f84",
    "https://esm.sh/v135/openai@4.68.4/denonext/resources/chat/chat.js": "22161dbc3f19e0b536418690cd70af655c118e3cfe1ed78dedff870534d06392",
    "https://esm.sh/v135/openai@4.68.4/denonext/resources/chat/completions.js": "2fed761dbae61b7f46d8d9c18140851e3d0010c587768bcda1e4961f725fdfde",
    "https://esm.sh/v135/openai@4.68.4/denonext/resources/completions.js": "d9bee558dd8d16ae7b4c3bb4ffdbf9d2bbdc24a1f4854b511ee89b548a9b071e",
    "https://esm.sh/v135/openai@4.68.4/denonext/resources/embeddings.js": "90b8aa1b4fdf2a40d80124e0b90fe3c6df7f40da19cb90348bca56e7f2d1f861",
    "https://esm.sh/v135/openai@4.68.4/denonext/resources/files.js": "7b998bd08464e931eeba222a710e92bbbcd4a5485d5a765c14efa419e2cdd3ad",
    "https://esm.sh/v135/openai@4.68.4/denonext/resources/fine-tuning/fine-tuning.js": "8dd491c8e207f88cd71d5b4352d895a48b81fb66bf85e6efd14b90f4e63c492c",
    "https://esm.sh/v135/openai@4.68.4/denonext/resources/fine-tuning/jobs/checkpoints.js": "ee7ba2ae1c18fb237425d5c24996049c1bcddb138f766aa441c0ce7018f26002",
    "https://esm.sh/v135/openai@4.68.4/denonext/resources/fine-tuning/jobs/jobs.js": "049a5e68ea76cb1dc140d376aa5efa301dea8d3d6b3802b963a73babd7afdfa1",
    "https://esm.sh/v135/openai@4.68.4/denonext/resources/images.js": "35b6f3d361f5b7573d7862d47dd43bc3cdc64af1d4e80f2d0bb58ba5305b66c7",
    "https://esm.sh/v135/openai@4.68.4/denonext/resources/models.js": "245a6cd8184abbc856934b320b7e42b3b90be5c8bc5f49587ef4d6548cabfc7c",
    "https://esm.sh/v135/openai@4.68.4/denonext/resources/moderations.js": "b57356f450279188133d6aeddd1f5c89baaec0beb260ffb7cebd3063fb0366c9",
    "https://esm.sh/v135/openai@4.68.4/denonext/resources/shared.js": "47c5e0367bbb178fdd517834060d062a8fb2c94cd010ae5d6ec1622e007a9cb4",
    "https://esm.sh/v135/openai@4.68.4/denonext/resources/uploads/parts.js": "fdcf994cbb321e2bab4d98f86c7da2332a9389e246b093789127053d3d4b27c3",
    "https://esm.sh/v135/openai@4.68.4/denonext/resources/uploads/uploads.js": "b68966f74b9f4106d466150efed40f6cc0bf7b33d9f3fc4254aeba4c60a833a7",
    "https://esm.sh/v135/openai@4.68.4/denonext/streaming.js": "47a5415b125345c774ec964e2f8e2d81aedfed9ed7d59ded894064762eff18d7",
    "https://esm.sh/v135/openai@4.68.4/denonext/uploads.js": "71a8d18cfb8a20694de4a9a3b22fcb7009b1ed8b329657591dd5f1e90b3bde4a",
    "https://esm.sh/v135/openai@4.68.4/denonext/version.js": "b0885d243f07b18462d8812b409b7cd294a754c81cb5d20efe8967fac3dba33f",
    "https://esm.sh/v135/p-finally@1.0.0/denonext/p-finally.mjs": "5ad31f91b28a49a738260a79a0be34bf64bcd03ee7909350dd0227e573eae781",
    "https://esm.sh/v135/p-queue@6.6.2/denonext/p-queue.mjs": "bcd9d4da477f7af0034670ecd0437b8343ce87f1bca8b152753b22564e0ab1b2",
    "https://esm.sh/v135/p-retry@4.6.2/denonext/p-retry.mjs": "0d6e7cadbcc4be939560dc72b60bc5a6720414c8b59803bf75195e360e52ee28",
    "https://esm.sh/v135/p-timeout@3.2.0/denonext/p-timeout.mjs": "7ec7dec7c9f30a3e4255790617a1cde9a5e6c7eef5671b34bd9f77202f4b2e42",
    "https://esm.sh/v135/retry@0.13.1/denonext/retry.mjs": "0d9e9d51789f08a5d07d34e16693a133f0faaca52379af8639c682370b6c5ad7",
    "https://esm.sh/v135/semver@7.6.3/denonext/semver.mjs": "0fcc6e2fcceb477607d5ddeb1e8030bfbd38d34c3489ce1443085361e031bfa2",
    "https://esm.sh/v135/utf-8-validate@6.0.3/denonext/utf-8-validate.mjs": "410c48d66840e987e474a4849cd25829817415cedd25466280effb1287d05aa5",
    "https://esm.sh/v135/utf-8-validate@6.0.4/denonext/utf-8-validate.mjs": "ab4990b545a45f10f7711c69046ee3e9c5b732b9781937f922cefd3fc99d0e88",
    "https://esm.sh/v135/uuid@10.0.0/denonext/uuid.mjs": "51eda996111dc0caa6d01fd4c4061646865f56a2cc6e783a3a7b34fa5f775136",
    "https://esm.sh/v135/uuid@9.0.1/denonext/uuid.mjs": "7d7d3aa57fa136e2540886654c416d9da10d8cfebe408bae47fd47070f0bfb2a",
    "https://esm.sh/v135/ws@8.16.0/denonext/ws.mjs": "0fa0c00b69577ba36d0a36001329b2cec91498cb2e33e329fc76aa6d51a0d54d",
    "https://esm.sh/v135/ws@8.18.0/denonext/ws.mjs": "b4c6f51c7c4d60d2a880889c9b07e00aa367adf20a8304a365cc5e09051a5004",
    "https://esm.sh/v135/zod-to-json-schema@3.20.3/denonext/zod-to-json-schema.mjs": "cc4d5b70aa89a4b3954bddccb9383c32ed35299267c7252f6637d008cd8a0f53",
    "https://esm.sh/v135/zod-to-json-schema@3.23.0/denonext/zod-to-json-schema.mjs": "e201ed66b159fe108aac4673d804a9459a7d6cb371c234a6b396bfed21c1775b",
    "https://esm.sh/v135/zod-to-json-schema@3.23.3/denonext/zod-to-json-schema.mjs": "ed31a65c2842177aa65b19cb51e5d7fa393fd2c167380c9871548b4a1cdd0c94",
    "https://esm.sh/v135/zod@3.22.4/denonext/zod.mjs": "660128af5d1e921745c4d452472d103d9f2fc5afa508bbf233b83d35a272ad67",
    "https://esm.sh/v135/zod@3.23.3/denonext/zod.mjs": "ac5321ee4b96dea010ea357bf52f144521aef49723e0bae4ec0e32cee9fcdabb",
    "https://esm.sh/v135/zod@3.23.8/denonext/zod.mjs": "b3707b03ddc01aab11b740436ab23c0fcc8d15fed072be20085c1fd611016b61"
  },
  "workspace": {
    "packageJson": {
      "dependencies": [
        "npm:@langchain/community@~0.3.8",
        "npm:@langchain/openai@~0.3.11",
        "npm:@supabase/supabase-js@^2.45.6",
        "npm:@types/node@^22.7.9",
        "npm:@vitejs/plugin-react@^4.3.3",
        "npm:dotenv@^16.4.5",
        "npm:langchain@~0.3.3",
        "npm:react-dom@^18.3.1",
        "npm:react@^18.3.1",
        "npm:vite@^5.4.10"
      ]
    }
  }
}
